// !$*UTF8*$!
{
	archiveVersion = 1;
	classes = {
	};
	objectVersion = 46;
	objects = {

/* Begin PBXBuildFile section */
		389D87471D47DD3500A176EA /* AppDelegate.swift in Sources */ = {isa = PBXBuildFile; fileRef = 389D87461D47DD3500A176EA /* AppDelegate.swift */; };
		389D87491D47DD3500A176EA /* ViewController.swift in Sources */ = {isa = PBXBuildFile; fileRef = 389D87481D47DD3500A176EA /* ViewController.swift */; };
		389D874C1D47DD3500A176EA /* Main.storyboard in Resources */ = {isa = PBXBuildFile; fileRef = 389D874A1D47DD3500A176EA /* Main.storyboard */; };
		389D874E1D47DD3500A176EA /* Assets.xcassets in Resources */ = {isa = PBXBuildFile; fileRef = 389D874D1D47DD3500A176EA /* Assets.xcassets */; };
		389D87511D47DD3500A176EA /* LaunchScreen.storyboard in Resources */ = {isa = PBXBuildFile; fileRef = 389D874F1D47DD3500A176EA /* LaunchScreen.storyboard */; };
		389D875C1D47DD3500A176EA /* CATransitionSwiftDemoTests.swift in Sources */ = {isa = PBXBuildFile; fileRef = 389D875B1D47DD3500A176EA /* CATransitionSwiftDemoTests.swift */; };
		389D87671D47DD3500A176EA /* CATransitionSwiftDemoUITests.swift in Sources */ = {isa = PBXBuildFile; fileRef = 389D87661D47DD3500A176EA /* CATransitionSwiftDemoUITests.swift */; };
		389D87761D47DE8200A176EA /* bg-01.JPG in Resources */ = {isa = PBXBuildFile; fileRef = 389D87741D47DE8200A176EA /* bg-01.JPG */; };
		389D87771D47DE8200A176EA /* bg-02.JPG in Resources */ = {isa = PBXBuildFile; fileRef = 389D87751D47DE8200A176EA /* bg-02.JPG */; };
		389D87791D47E0B500A176EA /* YLTransition.swift in Sources */ = {isa = PBXBuildFile; fileRef = 389D87781D47E0B500A176EA /* YLTransition.swift */; };
/* End PBXBuildFile section */

/* Begin PBXContainerItemProxy section */
		389D87581D47DD3500A176EA /* PBXContainerItemProxy */ = {
			isa = PBXContainerItemProxy;
			containerPortal = 389D873B1D47DD3400A176EA /* Project object */;
			proxyType = 1;
			remoteGlobalIDString = 389D87421D47DD3500A176EA;
			remoteInfo = CATransitionSwiftDemo;
		};
		389D87631D47DD3500A176EA /* PBXContainerItemProxy */ = {
			isa = PBXContainerItemProxy;
			containerPortal = 389D873B1D47DD3400A176EA /* Project object */;
			proxyType = 1;
			remoteGlobalIDString = 389D87421D47DD3500A176EA;
			remoteInfo = CATransitionSwiftDemo;
		};
/* End PBXContainerItemProxy section */

/* Begin PBXFileReference section */
		389D87431D47DD3500A176EA /* CATransitionSwiftDemo.app */ = {isa = PBXFileReference; explicitFileType = wrapper.application; includeInIndex = 0; path = CATransitionSwiftDemo.app; sourceTree = BUILT_PRODUCTS_DIR; };
		389D87461D47DD3500A176EA /* AppDelegate.swift */ = {isa = PBXFileReference; lastKnownFileType = sourcecode.swift; path = AppDelegate.swift; sourceTree = "<group>"; };
		389D87481D47DD3500A176EA /* ViewController.swift */ = {isa = PBXFileReference; lastKnownFileType = sourcecode.swift; path = ViewController.swift; sourceTree = "<group>"; };
		389D874B1D47DD3500A176EA /* Base */ = {isa = PBXFileReference; lastKnownFileType = file.storyboard; name = Base; path = Base.lproj/Main.storyboard; sourceTree = "<group>"; };
		389D874D1D47DD3500A176EA /* Assets.xcassets */ = {isa = PBXFileReference; lastKnownFileType = folder.assetcatalog; path = Assets.xcassets; sourceTree = "<group>"; };
		389D87501D47DD3500A176EA /* Base */ = {isa = PBXFileReference; lastKnownFileType = file.storyboard; name = Base; path = Base.lproj/LaunchScreen.storyboard; sourceTree = "<group>"; };
		389D87521D47DD3500A176EA /* Info.plist */ = {isa = PBXFileReference; lastKnownFileType = text.plist.xml; path = Info.plist; sourceTree = "<group>"; };
		389D87571D47DD3500A176EA /* CATransitionSwiftDemoTests.xctest */ = {isa = PBXFileReference; explicitFileType = wrapper.cfbundle; includeInIndex = 0; path = CATransitionSwiftDemoTests.xctest; sourceTree = BUILT_PRODUCTS_DIR; };
		389D875B1D47DD3500A176EA /* CATransitionSwiftDemoTests.swift */ = {isa = PBXFileReference; lastKnownFileType = sourcecode.swift; path = CATransitionSwiftDemoTests.swift; sourceTree = "<group>"; };
		389D875D1D47DD3500A176EA /* Info.plist */ = {isa = PBXFileReference; lastKnownFileType = text.plist.xml; path = Info.plist; sourceTree = "<group>"; };
		389D87621D47DD3500A176EA /* CATransitionSwiftDemoUITests.xctest */ = {isa = PBXFileReference; explicitFileType = wrapper.cfbundle; includeInIndex = 0; path = CATransitionSwiftDemoUITests.xctest; sourceTree = BUILT_PRODUCTS_DIR; };
		389D87661D47DD3500A176EA /* CATransitionSwiftDemoUITests.swift */ = {isa = PBXFileReference; lastKnownFileType = sourcecode.swift; path = CATransitionSwiftDemoUITests.swift; sourceTree = "<group>"; };
		389D87681D47DD3500A176EA /* Info.plist */ = {isa = PBXFileReference; lastKnownFileType = text.plist.xml; path = Info.plist; sourceTree = "<group>"; };
		389D87741D47DE8200A176EA /* bg-01.JPG */ = {isa = PBXFileReference; lastKnownFileType = image.jpeg; path = "bg-01.JPG"; sourceTree = "<group>"; };
		389D87751D47DE8200A176EA /* bg-02.JPG */ = {isa = PBXFileReference; lastKnownFileType = image.jpeg; path = "bg-02.JPG"; sourceTree = "<group>"; };
		389D87781D47E0B500A176EA /* YLTransition.swift */ = {isa = PBXFileReference; fileEncoding = 4; lastKnownFileType = sourcecode.swift; path = YLTransition.swift; sourceTree = "<group>"; };
/* End PBXFileReference section */

/* Begin PBXFrameworksBuildPhase section */
		389D87401D47DD3500A176EA /* Frameworks */ = {
			isa = PBXFrameworksBuildPhase;
			buildActionMask = 2147483647;
			files = (
			);
			runOnlyForDeploymentPostprocessing = 0;
		};
		389D87541D47DD3500A176EA /* Frameworks */ = {
			isa = PBXFrameworksBuildPhase;
			buildActionMask = 2147483647;
			files = (
			);
			runOnlyForDeploymentPostprocessing = 0;
		};
		389D875F1D47DD3500A176EA /* Frameworks */ = {
			isa = PBXFrameworksBuildPhase;
			buildActionMask = 2147483647;
			files = (
			);
			runOnlyForDeploymentPostprocessing = 0;
		};
/* End PBXFrameworksBuildPhase section */

/* Begin PBXGroup section */
		389D873A1D47DD3400A176EA = {
			isa = PBXGroup;
			children = (
				389D87451D47DD3500A176EA /* CATransitionSwiftDemo */,
				389D875A1D47DD3500A176EA /* CATransitionSwiftDemoTests */,
				389D87651D47DD3500A176EA /* CATransitionSwiftDemoUITests */,
				389D87441D47DD3500A176EA /* Products */,
			);
			sourceTree = "<group>";
		};
		389D87441D47DD3500A176EA /* Products */ = {
			isa = PBXGroup;
			children = (
				389D87431D47DD3500A176EA /* CATransitionSwiftDemo.app */,
				389D87571D47DD3500A176EA /* CATransitionSwiftDemoTests.xctest */,
				389D87621D47DD3500A176EA /* CATransitionSwiftDemoUITests.xctest */,
			);
			name = Products;
			sourceTree = "<group>";
		};
		389D87451D47DD3500A176EA /* CATransitionSwiftDemo */ = {
			isa = PBXGroup;
			children = (
				389D87741D47DE8200A176EA /* bg-01.JPG */,
				389D87751D47DE8200A176EA /* bg-02.JPG */,
				389D87781D47E0B500A176EA /* YLTransition.swift */,
				389D87461D47DD3500A176EA /* AppDelegate.swift */,
				389D87481D47DD3500A176EA /* ViewController.swift */,
				389D874A1D47DD3500A176EA /* Main.storyboard */,
				389D874D1D47DD3500A176EA /* Assets.xcassets */,
				389D874F1D47DD3500A176EA /* LaunchScreen.storyboard */,
				389D87521D47DD3500A176EA /* Info.plist */,
			);
			path = CATransitionSwiftDemo;
			sourceTree = "<group>";
		};
		389D875A1D47DD3500A176EA /* CATransitionSwiftDemoTests */ = {
			isa = PBXGroup;
			children = (
				389D875B1D47DD3500A176EA /* CATransitionSwiftDemoTests.swift */,
				389D875D1D47DD3500A176EA /* Info.plist */,
			);
			path = CATransitionSwiftDemoTests;
			sourceTree = "<group>";
		};
		389D87651D47DD3500A176EA /* CATransitionSwiftDemoUITests */ = {
			isa = PBXGroup;
			children = (
				389D87661D47DD3500A176EA /* CATransitionSwiftDemoUITests.swift */,
				389D87681D47DD3500A176EA /* Info.plist */,
			);
			path = CATransitionSwiftDemoUITests;
			sourceTree = "<group>";
		};
/* End PBXGroup section */

/* Begin PBXNativeTarget section */
		389D87421D47DD3500A176EA /* CATransitionSwiftDemo */ = {
			isa = PBXNativeTarget;
			buildConfigurationList = 389D876B1D47DD3500A176EA /* Build configuration list for PBXNativeTarget "CATransitionSwiftDemo" */;
			buildPhases = (
				389D873F1D47DD3500A176EA /* Sources */,
				389D87401D47DD3500A176EA /* Frameworks */,
				389D87411D47DD3500A176EA /* Resources */,
			);
			buildRules = (
			);
			dependencies = (
			);
			name = CATransitionSwiftDemo;
			productName = CATransitionSwiftDemo;
			productReference = 389D87431D47DD3500A176EA /* CATransitionSwiftDemo.app */;
			productType = "com.apple.product-type.application";
		};
		389D87561D47DD3500A176EA /* CATransitionSwiftDemoTests */ = {
			isa = PBXNativeTarget;
			buildConfigurationList = 389D876E1D47DD3500A176EA /* Build configuration list for PBXNativeTarget "CATransitionSwiftDemoTests" */;
			buildPhases = (
				389D87531D47DD3500A176EA /* Sources */,
				389D87541D47DD3500A176EA /* Frameworks */,
				389D87551D47DD3500A176EA /* Resources */,
			);
			buildRules = (
			);
			dependencies = (
				389D87591D47DD3500A176EA /* PBXTargetDependency */,
			);
			name = CATransitionSwiftDemoTests;
			productName = CATransitionSwiftDemoTests;
			productReference = 389D87571D47DD3500A176EA /* CATransitionSwiftDemoTests.xctest */;
			productType = "com.apple.product-type.bundle.unit-test";
		};
		389D87611D47DD3500A176EA /* CATransitionSwiftDemoUITests */ = {
			isa = PBXNativeTarget;
			buildConfigurationList = 389D87711D47DD3500A176EA /* Build configuration list for PBXNativeTarget "CATransitionSwiftDemoUITests" */;
			buildPhases = (
				389D875E1D47DD3500A176EA /* Sources */,
				389D875F1D47DD3500A176EA /* Frameworks */,
				389D87601D47DD3500A176EA /* Resources */,
			);
			buildRules = (
			);
			dependencies = (
				389D87641D47DD3500A176EA /* PBXTargetDependency */,
			);
			name = CATransitionSwiftDemoUITests;
			productName = CATransitionSwiftDemoUITests;
			productReference = 389D87621D47DD3500A176EA /* CATransitionSwiftDemoUITests.xctest */;
			productType = "com.apple.product-type.bundle.ui-testing";
		};
/* End PBXNativeTarget section */

/* Begin PBXProject section */
		389D873B1D47DD3400A176EA /* Project object */ = {
			isa = PBXProject;
			attributes = {
				LastSwiftUpdateCheck = 0730;
				LastUpgradeCheck = 0730;
				ORGANIZATIONNAME = xyl;
				TargetAttributes = {
					389D87421D47DD3500A176EA = {
						CreatedOnToolsVersion = 7.3.1;
					};
					389D87561D47DD3500A176EA = {
						CreatedOnToolsVersion = 7.3.1;
						TestTargetID = 389D87421D47DD3500A176EA;
					};
					389D87611D47DD3500A176EA = {
						CreatedOnToolsVersion = 7.3.1;
						TestTargetID = 389D87421D47DD3500A176EA;
					};
				};
			};
			buildConfigurationList = 389D873E1D47DD3400A176EA /* Build configuration list for PBXProject "CATransitionSwiftDemo" */;
			compatibilityVersion = "Xcode 3.2";
			developmentRegion = English;
			hasScannedForEncodings = 0;
			knownRegions = (
				en,
				Base,
			);
			mainGroup = 389D873A1D47DD3400A176EA;
			productRefGroup = 389D87441D47DD3500A176EA /* Products */;
			projectDirPath = "";
			projectRoot = "";
			targets = (
				389D87421D47DD3500A176EA /* CATransitionSwiftDemo */,
				389D87561D47DD3500A176EA /* CATransitionSwiftDemoTests */,
				389D87611D47DD3500A176EA /* CATransitionSwiftDemoUITests */,
			);
		};
/* End PBXProject section */

/* Begin PBXResourcesBuildPhase section */
		389D87411D47DD3500A176EA /* Resources */ = {
			isa = PBXResourcesBuildPhase;
			buildActionMask = 2147483647;
			files = (
				389D87511D47DD3500A176EA /* LaunchScreen.storyboard in Resources */,
				389D874E1D47DD3500A176EA /* Assets.xcassets in Resources */,
				389D87771D47DE8200A176EA /* bg-02.JPG in Resources */,
				389D874C1D47DD3500A176EA /* Main.storyboard in Resources */,
				389D87761D47DE8200A176EA /* bg-01.JPG in Resources */,
			);
			runOnlyForDeploymentPostprocessing = 0;
		};
		389D87551D47DD3500A176EA /* Resources */ = {
			isa = PBXResourcesBuildPhase;
			buildActionMask = 2147483647;
			files = (
			);
			runOnlyForDeploymentPostprocessing = 0;
		};
		389D87601D47DD3500A176EA /* Resources */ = {
			isa = PBXResourcesBuildPhase;
			buildActionMask = 2147483647;
			files = (
			);
			runOnlyForDeploymentPostprocessing = 0;
		};
/* End PBXResourcesBuildPhase section */

/* Begin PBXSourcesBuildPhase section */
		389D873F1D47DD3500A176EA /* Sources */ = {
			isa = PBXSourcesBuildPhase;
			buildActionMask = 2147483647;
			files = (
				389D87491D47DD3500A176EA /* ViewController.swift in Sources */,
				389D87471D47DD3500A176EA /* AppDelegate.swift in Sources */,
				389D87791D47E0B500A176EA /* YLTransition.swift in Sources */,
			);
			runOnlyForDeploymentPostprocessing = 0;
		};
		389D87531D47DD3500A176EA /* Sources */ = {
			isa = PBXSourcesBuildPhase;
			buildActionMask = 2147483647;
			files = (
				389D875C1D47DD3500A176EA /* CATransitionSwiftDemoTests.swift in Sources */,
			);
			runOnlyForDeploymentPostprocessing = 0;
		};
		389D875E1D47DD3500A176EA /* Sources */ = {
			isa = PBXSourcesBuildPhase;
			buildActionMask = 2147483647;
			files = (
				389D87671D47DD3500A176EA /* CATransitionSwiftDemoUITests.swift in Sources */,
			);
			runOnlyForDeploymentPostprocessing = 0;
		};
/* End PBXSourcesBuildPhase section */

/* Begin PBXTargetDependency section */
		389D87591D47DD3500A176EA /* PBXTargetDependency */ = {
			isa = PBXTargetDependency;
			target = 389D87421D47DD3500A176EA /* CATransitionSwiftDemo */;
			targetProxy = 389D87581D47DD3500A176EA /* PBXContainerItemProxy */;
		};
		389D87641D47DD3500A176EA /* PBXTargetDependency */ = {
			isa = PBXTargetDependency;
			target = 389D87421D47DD3500A176EA /* CATransitionSwiftDemo */;
			targetProxy = 389D87631D47DD3500A176EA /* PBXContainerItemProxy */;
		};
/* End PBXTargetDependency section */

/* Begin PBXVariantGroup section */
		389D874A1D47DD3500A176EA /* Main.storyboard */ = {
			isa = PBXVariantGroup;
			children = (
				389D874B1D47DD3500A176EA /* Base */,
			);
			name = Main.storyboard;
			sourceTree = "<group>";
		};
		389D874F1D47DD3500A176EA /* LaunchScreen.storyboard */ = {
			isa = PBXVariantGroup;
			children = (
				389D87501D47DD3500A176EA /* Base */,
			);
			name = LaunchScreen.storyboard;
			sourceTree = "<group>";
		};
/* End PBXVariantGroup section */

/* Begin XCBuildConfiguration section */
		389D87691D47DD3500A176EA /* Debug */ = {
			isa = XCBuildConfiguration;
			buildSettings = {
				ALWAYS_SEARCH_USER_PATHS = NO;
				CLANG_ANALYZER_NONNULL = YES;
				CLANG_CXX_LANGUAGE_STANDARD = "gnu++0x";
				CLANG_CXX_LIBRARY = "libc++";
				CLANG_ENABLE_MODULES = YES;
				CLANG_ENABLE_OBJC_ARC = YES;
				CLANG_WARN_BOOL_CONVERSION = YES;
				CLANG_WARN_CONSTANT_CONVERSION = YES;
				CLANG_WARN_DIRECT_OBJC_ISA_USAGE = YES_ERROR;
				CLANG_WARN_EMPTY_BODY = YES;
				CLANG_WARN_ENUM_CONVERSION = YES;
				CLANG_WARN_INT_CONVERSION = YES;
				CLANG_WARN_OBJC_ROOT_CLASS = YES_ERROR;
				CLANG_WARN_UNREACHABLE_CODE = YES;
				CLANG_WARN__DUPLICATE_METHOD_MATCH = YES;
				"CODE_SIGN_IDENTITY[sdk=iphoneos*]" = "iPhone Developer";
				COPY_PHASE_STRIP = NO;
				DEBUG_INFORMATION_FORMAT = dwarf;
				ENABLE_STRICT_OBJC_MSGSEND = YES;
				ENABLE_TESTABILITY = YES;
				GCC_C_LANGUAGE_STANDARD = gnu99;
				GCC_DYNAMIC_NO_PIC = NO;
				GCC_NO_COMMON_BLOCKS = YES;
				GCC_OPTIMIZATION_LEVEL = 0;
				GCC_PREPROCESSOR_DEFINITIONS = (
					"DEBUG=1",
					"$(inherited)",
				);
				GCC_WARN_64_TO_32_BIT_CONVERSION = YES;
				GCC_WARN_ABOUT_RETURN_TYPE = YES_ERROR;
				GCC_WARN_UNDECLARED_SELECTOR = YES;
				GCC_WARN_UNINITIALIZED_AUTOS = YES_AGGRESSIVE;
				GCC_WARN_UNUSED_FUNCTION = YES;
				GCC_WARN_UNUSED_VARIABLE = YES;
				IPHONEOS_DEPLOYMENT_TARGET = 9.3;
				MTL_ENABLE_DEBUG_INFO = YES;
				ONLY_ACTIVE_ARCH = YES;
				SDKROOT = iphoneos;
				SWIFT_OPTIMIZATION_LEVEL = "-Onone";
			};
			name = Debug;
		};
		389D876A1D47DD3500A176EA /* Release */ = {
			isa = XCBuildConfiguration;
			buildSettings = {
				ALWAYS_SEARCH_USER_PATHS = NO;
				CLANG_ANALYZER_NONNULL = YES;
				CLANG_CXX_LANGUAGE_STANDARD = "gnu++0x";
				CLANG_CXX_LIBRARY = "libc++";
				CLANG_ENABLE_MODULES = YES;
				CLANG_ENABLE_OBJC_ARC = YES;
				CLANG_WARN_BOOL_CONVERSION = YES;
				CLANG_WARN_CONSTANT_CONVERSION = YES;
				CLANG_WARN_DIRECT_OBJC_ISA_USAGE = YES_ERROR;
				CLANG_WARN_EMPTY_BODY = YES;
				CLANG_WARN_ENUM_CONVERSION = YES;
				CLANG_WARN_INT_CONVERSION = YES;
				CLANG_WARN_OBJC_ROOT_CLASS = YES_ERROR;
				CLANG_WARN_UNREACHABLE_CODE = YES;
				CLANG_WARN__DUPLICATE_METHOD_MATCH = YES;
				"CODE_SIGN_IDENTITY[sdk=iphoneos*]" = "iPhone Developer";
				COPY_PHASE_STRIP = NO;
				DEBUG_INFORMATION_FORMAT = "dwarf-with-dsym";
				ENABLE_NS_ASSERTIONS = NO;
				ENABLE_STRICT_OBJC_MSGSEND = YES;
				GCC_C_LANGUAGE_STANDARD = gnu99;
				GCC_NO_COMMON_BLOCKS = YES;
				GCC_WARN_64_TO_32_BIT_CONVERSION = YES;
				GCC_WARN_ABOUT_RETURN_TYPE = YES_ERROR;
				GCC_WARN_UNDECLARED_SELECTOR = YES;
				GCC_WARN_UNINITIALIZED_AUTOS = YES_AGGRESSIVE;
				GCC_WARN_UNUSED_FUNCTION = YES;
				GCC_WARN_UNUSED_VARIABLE = YES;
				IPHONEOS_DEPLOYMENT_TARGET = 9.3;
				MTL_ENABLE_DEBUG_INFO = NO;
				SDKROOT = iphoneos;
				VALIDATE_PRODUCT = YES;
			};
			name = Release;
		};
		389D876C1D47DD3500A176EA /* Debug */ = {
			isa = XCBuildConfiguration;
			buildSettings = {
				ASSETCATALOG_COMPILER_APPICON_NAME = AppIcon;
				INFOPLIST_FILE = CATransitionSwiftDemo/Info.plist;
				LD_RUNPATH_SEARCH_PATHS = "$(inherited) @executable_path/Frameworks";
				PRODUCT_BUNDLE_IDENTIFIER = mom.xyl.CATransitionSwiftDemo;
				PRODUCT_NAME = "$(TARGET_NAME)";
			};
			name = Debug;
		};
		389D876D1D47DD3500A176EA /* Release */ = {
			isa = XCBuildConfiguration;
			buildSettings = {
				ASSETCATALOG_COMPILER_APPICON_NAME = AppIcon;
				INFOPLIST_FILE = CATransitionSwiftDemo/Info.plist;
				LD_RUNPATH_SEARCH_PATHS = "$(inherited) @executable_path/Frameworks";
				PRODUCT_BUNDLE_IDENTIFIER = mom.xyl.CATransitionSwiftDemo;
				PRODUCT_NAME = "$(TARGET_NAME)";
			};
			name = Release;
		};
		389D876F1D47DD3500A176EA /* Debug */ = {
			isa = XCBuildConfiguration;
			buildSettings = {
				BUNDLE_LOADER = "$(TEST_HOST)";
				INFOPLIST_FILE = CATransitionSwiftDemoTests/Info.plist;
				LD_RUNPATH_SEARCH_PATHS = "$(inherited) @executable_path/Frameworks @loader_path/Frameworks";
				PRODUCT_BUNDLE_IDENTIFIER = mom.xyl.CATransitionSwiftDemoTests;
				PRODUCT_NAME = "$(TARGET_NAME)";
				TEST_HOST = "$(BUILT_PRODUCTS_DIR)/CATransitionSwiftDemo.app/CATransitionSwiftDemo";
			};
			name = Debug;
		};
		389D87701D47DD3500A176EA /* Release */ = {
			isa = XCBuildConfiguration;
			buildSettings = {
				BUNDLE_LOADER = "$(TEST_HOST)";
				INFOPLIST_FILE = CATransitionSwiftDemoTests/Info.plist;
				LD_RUNPATH_SEARCH_PATHS = "$(inherited) @executable_path/Frameworks @loader_path/Frameworks";
				PRODUCT_BUNDLE_IDENTIFIER = mom.xyl.CATransitionSwiftDemoTests;
				PRODUCT_NAME = "$(TARGET_NAME)";
				TEST_HOST = "$(BUILT_PRODUCTS_DIR)/CATransitionSwiftDemo.app/CATransitionSwiftDemo";
			};
			name = Release;
		};
		389D87721D47DD3500A176EA /* Debug */ = {
			isa = XCBuildConfiguration;
			buildSettings = {
				INFOPLIST_FILE = CATransitionSwiftDemoUITests/Info.plist;
				LD_RUNPATH_SEARCH_PATHS = "$(inherited) @executable_path/Frameworks @loader_path/Frameworks";
				PRODUCT_BUNDLE_IDENTIFIER = mom.xyl.CATransitionSwiftDemoUITests;
				PRODUCT_NAME = "$(TARGET_NAME)";
				TEST_TARGET_NAME = CATransitionSwiftDemo;
			};
			name = Debug;
		};
		389D87731D47DD3500A176EA /* Release */ = {
			isa = XCBuildConfiguration;
			buildSettings = {
				INFOPLIST_FILE = CATransitionSwiftDemoUITests/Info.plist;
				LD_RUNPATH_SEARCH_PATHS = "$(inherited) @executable_path/Frameworks @loader_path/Frameworks";
				PRODUCT_BUNDLE_IDENTIFIER = mom.xyl.CATransitionSwiftDemoUITests;
				PRODUCT_NAME = "$(TARGET_NAME)";
				TEST_TARGET_NAME = CATransitionSwiftDemo;
			};
			name = Release;
		};
/* End XCBuildConfiguration section */

/* Begin XCConfigurationList section */
		389D873E1D47DD3400A176EA /* Build configuration list for PBXProject "CATransitionSwiftDemo" */ = {
			isa = XCConfigurationList;
			buildConfigurations = (
				389D87691D47DD3500A176EA /* Debug */,
				389D876A1D47DD3500A176EA /* Release */,
			);
			defaultConfigurationIsVisible = 0;
			defaultConfigurationName = Release;
		};
		389D876B1D47DD3500A176EA /* Build configuration list for PBXNativeTarget "CATransitionSwiftDemo" */ = {
			isa = XCConfigurationList;
			buildConfigurations = (
				389D876C1D47DD3500A176EA /* Debug */,
				389D876D1D47DD3500A176EA /* Release */,
			);
			defaultConfigurationIsVisible = 0;
			defaultConfigurationName = Release;
		};
		389D876E1D47DD3500A176EA /* Build configuration list for PBXNativeTarget "CATransitionSwiftDemoTests" */ = {
			isa = XCConfigurationList;
			buildConfigurations = (
				389D876F1D47DD3500A176EA /* Debug */,
				389D87701D47DD3500A176EA /* Release */,
			);
			defaultConfigurationIsVisible = 0;
			defaultConfigurationName = Release;
		};
		389D87711D47DD3500A176EA /* Build configuration list for PBXNativeTarget "CATransitionSwiftDemoUITests" */ = {
			isa = XCConfigurationList;
			buildConfigurations = (
				389D87721D47DD3500A176EA /* Debug */,
				389D87731D47DD3500A176EA /* Release */,
			);
			defaultConfigurationIsVisible = 0;
			defaultConfigurationName = Release;
		};
/* End XCConfigurationList section */
	};
	rootObject = 389D873B1D47DD3400A176EA /* Project object */;
}
